version = 1
revision = 3
requires-python = ">=3.12"

[[package]]
name = "cfgv"
version = "3.5.0"
source = { registry = "https://pypi.org/simple" }
sdist = { url = "https://files.pythonhosted.org/packages/4e/b5/721b8799b04bf9afe054a3899c6cf4e880fcf8563cc71c15610242490a0c/cfgv-3.5.0.tar.gz", hash = "sha256:d5b1034354820651caa73ede66a6294d6e95c1b00acc5e9b098e917404669132", size = 7334, upload-time = "2025-11-19T20:55:51.612Z" }
wheels = [
    { url = "https://files.pythonhosted.org/packages/db/3c/33bac158f8ab7f89b2e59426d5fe2e4f63f7ed25df84c036890172b412b5/cfgv-3.5.0-py2.py3-none-any.whl", hash = "sha256:a8dc6b26ad22ff227d2634a65cb388215ce6cc96bbcc5cfde7641ae87e8dacc0", size = 7445, upload-time = "2025-11-19T20:55:50.744Z" },
]

[[package]]
name = "clang-format"
version = "21.1.6"
source = { registry = "https://pypi.org/simple" }
sdist = { url = "https://files.pythonhosted.org/packages/5e/73/74de6ae2050aeac05b5a30a4cb069be3811dc2ac80da9ca7c2300b77d62c/clang_format-21.1.6.tar.gz", hash = "sha256:90b1d5e6734cb0b4c048c73299db698ecf25ed52649c10a61f1f5147bec23e2b", size = 11505, upload-time = "2025-11-19T21:06:08.527Z" }
wheels = [
    { url = "https://files.pythonhosted.org/packages/dd/5b/2c5ae61dd72dc3d0a85af09e4ca007140d804b57a9fe2c9da44b88b62a13/clang_format-21.1.6-py2.py3-none-macosx_10_9_x86_64.whl", hash = "sha256:a0cea6afea00448396eaff4e10a569631a4b06582553e3c44c5c040ec83c6b01", size = 1440085, upload-time = "2025-11-19T21:05:43.489Z" },
    { url = "https://files.pythonhosted.org/packages/f8/94/46762b38563b4aea840c706149f7d5b3eeed450c0ba874bb77b0de635674/clang_format-21.1.6-py2.py3-none-macosx_11_0_arm64.whl", hash = "sha256:74880cb25886c1bb4a95307efeb40f19eba3f1fd86ddee88166814b9ed2600ef", size = 1458670, upload-time = "2025-11-19T21:05:45.148Z" },
    { url = "https://files.pythonhosted.org/packages/51/59/0fc0ae742a5156ae9af1fb80359557ebb8e52096a2bfcb46e889728c15b7/clang_format-21.1.6-py2.py3-none-manylinux_2_26_aarch64.manylinux_2_28_aarch64.whl", hash = "sha256:20102f69df02282280d5c7dac682987cb82fee9ff89c034c653154019b17a5ef", size = 1725381, upload-time = "2025-11-19T21:05:46.443Z" },
    { url = "https://files.pythonhosted.org/packages/cd/ea/927d16687e3d9c799b46c739e76b42bb65d00c6634d2f931de0ec2702f30/clang_format-21.1.6-py2.py3-none-manylinux_2_26_i686.manylinux_2_28_i686.whl", hash = "sha256:06c525faa3d07a2030faa2793376c5b9d22b4e08853d08473c2129523f7f980a", size = 1856356, upload-time = "2025-11-19T21:05:48.177Z" },
    { url = "https://files.pythonhosted.org/packages/48/5f/f107ab7ac2df9133cff4f0b177d1d332dc9adc8483692109c1cb854584de/clang_format-21.1.6-py2.py3-none-manylinux_2_26_ppc64le.manylinux_2_28_ppc64le.whl", hash = "sha256:2f89387587b534bd24aa28c08fb42ec101a79b0402da8b7d281afb44a779e597", size = 2031184, upload-time = "2025-11-19T21:05:49.561Z" },
    { url = "https://files.pythonhosted.org/packages/24/f7/50c9310a2bd8b16384d3d315ab4522bf0c5822573272fdf2b498e2f9bd1b/clang_format-21.1.6-py2.py3-none-manylinux_2_26_s390x.manylinux_2_28_s390x.whl", hash = "sha256:a999a1ffd4dce4e753d8f3668f3a4bf954da658b67ca9449448c2bc7dc7d2d87", size = 2047548, upload-time = "2025-11-19T21:05:50.789Z" },
    { url = "https://files.pythonhosted.org/packages/01/75/e7d82087df0922054f08351ce5e3528d0b0ce64dcc140c00ec1df016a0c6/clang_format-21.1.6-py2.py3-none-manylinux_2_27_x86_64.manylinux_2_28_x86_64.whl", hash = "sha256:8a9d82d1d67ffdc491a0a1ce04d7740b6e7ccb1d9b6d2ab90b009040614030e9", size = 1804648, upload-time = "2025-11-19T21:05:52.161Z" },
    { url = "https://files.pythonhosted.org/packages/b5/3a/d420ffabfc9996b6d307771217c5f24b26d21d4930c56c89b4ff879176f2/clang_format-21.1.6-py2.py3-none-manylinux_2_31_armv7l.whl", hash = "sha256:2dde6f5841baab6525e12fd5d9f3520465429be74921f6780abb031a48fb278c", size = 1643376, upload-time = "2025-11-19T21:05:53.593Z" },
    { url = "https://files.pythonhosted.org/packages/b3/02/038fb8c3a4edec7918e57888887a049931a1e1f62601f532dd9706d9a00a/clang_format-21.1.6-py2.py3-none-musllinux_1_2_aarch64.whl", hash = "sha256:62da4d100f07618f28a943396001fc37d3b0ebaaee59c011b5e8373cd15aaf99", size = 2700835, upload-time = "2025-11-19T21:05:55.076Z" },
    { url = "https://files.pythonhosted.org/packages/bb/86/9ccda1f29437eb4213416f9ddeefa394bdf7d61a58b03397c0ee55dc4d62/clang_format-21.1.6-py2.py3-none-musllinux_1_2_armv7l.whl", hash = "sha256:0cba3e2522d138c9924ad52901558f9285fc5da80725b88eb3cbb80f7d388dd6", size = 2480310, upload-time = "2025-11-19T21:05:56.514Z" },
    { url = "https://files.pythonhosted.org/packages/06/56/9de7d8b41878b57667d526c7b88373562f9f37d3dd4eb20895b84cd1a39a/clang_format-21.1.6-py2.py3-none-musllinux_1_2_i686.whl", hash = "sha256:b5c559badbf9750b915a37a961896db811819fc040f84f7498cec8ede0435fc2", size = 2952698, upload-time = "2025-11-19T21:05:58.233Z" },
    { url = "https://files.pythonhosted.org/packages/9c/45/899aa3b2dbf998df1f154d519dd977c3029787605b48f78fb171a36195f9/clang_format-21.1.6-py2.py3-none-musllinux_1_2_ppc64le.whl", hash = "sha256:2ecd3e1c58efa9d994cc053e82dd25d8482f5b28cc2a90876b9e11a8ce7a6c7b", size = 3075287, upload-time = "2025-11-19T21:05:59.563Z" },
    { url = "https://files.pythonhosted.org/packages/92/96/08cdb2318cbbff5f30c08155456984079fb08c603bffbc0ec12b5b00d361/clang_format-21.1.6-py2.py3-none-musllinux_1_2_s390x.whl", hash = "sha256:5b1e0b514233724e9deb787e125f2729a80fa8a7c12ae01f27febbf40fdf472e", size = 3159715, upload-time = "2025-11-19T21:06:01.025Z" },
    { url = "https://files.pythonhosted.org/packages/1a/d5/e3b866d39ed03f3d6febd603244dfb34f0404c15300bad169a48c4a6f258/clang_format-21.1.6-py2.py3-none-musllinux_1_2_x86_64.whl", hash = "sha256:b95ebeb1d177c4d3e00018a26a6e01a4319648bc1fe33e8632d89addbc5faf24", size = 2811607, upload-time = "2025-11-19T21:06:02.653Z" },
    { url = "https://files.pythonhosted.org/packages/c3/a8/666315c96932d326b0cb7872267d8ca175be36a7a898da6b1b1c00fb344f/clang_format-21.1.6-py2.py3-none-win32.whl", hash = "sha256:d4e534a8823d0496f70e65c7de30f18899db91bd442db35aeb6265f2a14d631d", size = 1271023, upload-time = "2025-11-19T21:06:04.54Z" },
    { url = "https://files.pythonhosted.org/packages/3e/44/274e4b20ffab7707cdca5ddbf109c70789e8eb0bd49233318b9adb1da0c3/clang_format-21.1.6-py2.py3-none-win_amd64.whl", hash = "sha256:072e0d611dfc7431d744dc90389aaaa626c26507581e692df60f2000695a92f6", size = 1426197, upload-time = "2025-11-19T21:06:05.873Z" },
    { url = "https://files.pythonhosted.org/packages/d5/28/1e087f25301f62dbc87b7eaf4bf8ea87f52b5a280bdd7a0e6f1fba05c393/clang_format-21.1.6-py2.py3-none-win_arm64.whl", hash = "sha256:f36fe3e2f08ea1d97e56d8b31a8bc4ed2001bb4e68ddbec95081daf0f3360955", size = 1327066, upload-time = "2025-11-19T21:06:07.255Z" },
]

[[package]]
name = "clang-tidy"
version = "21.1.1"
source = { registry = "https://pypi.org/simple" }
sdist = { url = "https://files.pythonhosted.org/packages/5b/da/b41302a0ef0d5df37af66aa5c1329d5db06e2cc23fae1f12fabbc1e535b3/clang_tidy-21.1.1.tar.gz", hash = "sha256:144c21ab1c5343e3636e48c8ecf588111563eab04efd0f99077e3e4c239502b2", size = 11300, upload-time = "2025-09-25T13:12:26.819Z" }
wheels = [
    { url = "https://files.pythonhosted.org/packages/7a/81/7d2ab48da91a22268c08d1c586875b4870bf9c65b377fea0169a5a69de6c/clang_tidy-21.1.1-py2.py3-none-macosx_10_9_x86_64.whl", hash = "sha256:3edaa98d95c20b71013e761426ed471b817aa8a0d373d1c9578a596ac85fbe1e", size = 28779633, upload-time = "2025-09-25T13:11:59.418Z" },
    { url = "https://files.pythonhosted.org/packages/62/c5/7504b7da3941acdabf417d4f84c0fcd94680f7d4db97895f8fcb34f3e905/clang_tidy-21.1.1-py2.py3-none-macosx_11_0_arm64.whl", hash = "sha256:817e2a3e73bcb71e4b990df16ae004268d11b4905288f73f2c8ae9c28f31c8c1", size = 27715942, upload-time = "2025-09-25T13:12:02.481Z" },
    { url = "https://files.pythonhosted.org/packages/f1/56/60e0511449b551f356a74fa4120f9bc614034a41796c5b4c92a3adaa661c/clang_tidy-21.1.1-py2.py3-none-manylinux_2_17_aarch64.manylinux2014_aarch64.whl", hash = "sha256:5edb71714a64b1f2bc51d62bfb3ad39fae7e9c7362ac149f9d7226aaec74d77b", size = 38890703, upload-time = "2025-09-25T13:12:05.45Z" },
    { url = "https://files.pythonhosted.org/packages/da/4a/89f403807ebf7fd735a83dc7f2d5292441d5ba975d581516019f55a934e2/clang_tidy-21.1.1-py2.py3-none-manylinux_2_17_i686.manylinux2014_i686.whl", hash = "sha256:8a5b695dbb406c0648745ea48f7786dd7c6646c1a27caa62dfaceaedb5d013be", size = 45139116, upload-time = "2025-09-25T13:12:08.62Z" },
    { url = "https://files.pythonhosted.org/packages/b7/eb/a5bbb8c42dab5860ab38d8736ce803b3bee707d6ed6235dbe04837074b47/clang_tidy-21.1.1-py2.py3-none-manylinux_2_17_x86_64.manylinux2014_x86_64.whl", hash = "sha256:c1e31eed946b8fc6730a426ca818cb9de5ecb6344223cafe6a4da7b05fd3bb32", size = 39543566, upload-time = "2025-09-25T13:12:11.871Z" },
    { url = "https://files.pythonhosted.org/packages/c9/20/02a575eb09834fac110fcf247dacbdd4489f0695cbc1ecf34ef344911ff5/clang_tidy-21.1.1-py2.py3-none-musllinux_1_2_i686.whl", hash = "sha256:ead452d118a0150a2a1737e8b42263fc6e94d478d96812de1b82a54f199cf513", size = 48021552, upload-time = "2025-09-25T13:12:15.644Z" },
    { url = "https://files.pythonhosted.org/packages/6e/c9/159e1c13c9e809eec19e1208b91f1f99bc50ebcdf0981243ac60d459f5bc/clang_tidy-21.1.1-py2.py3-none-musllinux_1_2_x86_64.whl", hash = "sha256:66c71b7751f721bb1b3da253360894b7677988b3d413acdbe1ac02b82aedc0ca", size = 42996200, upload-time = "2025-09-25T13:12:18.989Z" },
    { url = "https://files.pythonhosted.org/packages/5f/b6/e83a83ecc88287cbc1446715e3093d80393383c06d4b057b42f2869b0dd6/clang_tidy-21.1.1-py2.py3-none-win32.whl", hash = "sha256:ad544c4f90d1ac0875dd35b787752d2d051d15666dfb665fb9b9bc8446db2e49", size = 21022576, upload-time = "2025-09-25T13:12:22Z" },
    { url = "https://files.pythonhosted.org/packages/33/fa/2c7f6d84b8a8c49ba5b70b47cd8053e027a0ab99d0e75606cee673f5079b/clang_tidy-21.1.1-py2.py3-none-win_amd64.whl", hash = "sha256:5aa4f726e32eb63010820493628da808394cdff5956828a5889e3b7a71a78c20", size = 23796782, upload-time = "2025-09-25T13:12:24.429Z" },
]

[[package]]
name = "cmake"
version = "4.1.3"
source = { registry = "https://pypi.org/simple" }
sdist = { url = "https://files.pythonhosted.org/packages/f2/17/f8f42ae205604319cc36f46d9929bd9bfbd83d3d02d6314c44fa97c42006/cmake-4.1.3.tar.gz", hash = "sha256:89f48ddc2570eb62447e33311cffc6dfeb09631bd0a19423d8a59cec8af030f1", size = 34998, upload-time = "2025-11-19T22:41:27.312Z" }
wheels = [
    { url = "https://files.pythonhosted.org/packages/24/79/1bf4009d7ef16d62e0b92ddb78efeda830ca5903149abf9dc01d270c3d4e/cmake-4.1.3-py3-none-macosx_10_10_universal2.whl", hash = "sha256:3b6b25ce8fecc768881b36a1dfbca0013adac10a299c73e24cf4cbb99e4c37d6", size = 49246088, upload-time = "2025-11-19T22:40:28.02Z" },
    { url = "https://files.pythonhosted.org/packages/4d/9d/14e076406388efa2bbea2366ec0bbe85e2536787ebbb374dda792f068222/cmake-4.1.3-py3-none-manylinux2014_aarch64.manylinux_2_17_aarch64.whl", hash = "sha256:3893eb9c20d8a8bac3d951bbef9a4ce9d5495cd35a08b4e08d76215f5ead5897", size = 30381441, upload-time = "2025-11-19T22:40:31.55Z" },
    { url = "https://files.pythonhosted.org/packages/f7/9e/0f7216dfef03f1cbac0cdf4685da6994559f5ede3452e563335a35d6a6cb/cmake-4.1.3-py3-none-manylinux2014_i686.manylinux_2_17_i686.whl", hash = "sha256:487faf892ff5e05084c6a7f229dd9e568d0542b88487386acb42f0cb2f6634b6", size = 30781002, upload-time = "2025-11-19T22:40:35.325Z" },
    { url = "https://files.pythonhosted.org/packages/e5/2e/69d9b1eee7b7c68e9ce53f8449e372151b4967c223ecd43c7083a4dece8d/cmake-4.1.3-py3-none-manylinux2014_ppc64le.manylinux_2_17_ppc64le.whl", hash = "sha256:3dbddc52f839df0ebc1c6b6915bd78d63d0805137c6f419fbddd587404276c28", size = 32613762, upload-time = "2025-11-19T22:40:39.488Z" },
    { url = "https://files.pythonhosted.org/packages/2a/9b/deac4d6f8cf4adcaa61d7f16d1ec42d41d471bf330ffcdac4d29c83e46a3/cmake-4.1.3-py3-none-manylinux2014_s390x.manylinux_2_17_s390x.whl", hash = "sha256:b42e99eb6e976f455f29283dd7583270d611b55c7687b5fe8d022d9ae7c95de5", size = 28577197, upload-time = "2025-11-19T22:40:42.517Z" },
    { url = "https://files.pythonhosted.org/packages/e0/6c/323c40671c6f1b3e02bb4a7404fbe2bf653190a56e63cf4b6a4f06e876bc/cmake-4.1.3-py3-none-manylinux2014_x86_64.manylinux_2_17_x86_64.whl", hash = "sha256:81f11b72bc59cbe547d9f283487ef0519bf68176edffcdfa1a4dc5a52f292369", size = 29690899, upload-time = "2025-11-19T22:40:45.363Z" },
    { url = "https://files.pythonhosted.org/packages/19/a3/ab7866f55ee11a07aa446ee31b91b8f337f1b702b9546fc7b18e23d0566f/cmake-4.1.3-py3-none-manylinux_2_31_armv7l.whl", hash = "sha256:fd633c4395b1522caedf0b64034d1a48ea0e483f19e9c2985d14ee7152b21593", size = 26522320, upload-time = "2025-11-19T22:40:48.463Z" },
    { url = "https://files.pythonhosted.org/packages/db/21/a99ed3f1192c85d6d565e61c0cd0161f8046afcf0b0951e6492be632f2f2/cmake-4.1.3-py3-none-manylinux_2_35_riscv64.whl", hash = "sha256:ea40a64b8027f2b7fb1684312a2f170e4d0904b7a4f123cd96e7290103bb1ed4", size = 28869263, upload-time = "2025-11-19T22:40:51.618Z" },
    { url = "https://files.pythonhosted.org/packages/13/66/3c32bb2d5e72f00a0861066b29cc6981cbffcf9786f7339317f151a4d4be/cmake-4.1.3-py3-none-musllinux_1_2_aarch64.whl", hash = "sha256:e3782d5f82e8960290e50747b1fb5ff8396363a656ad5716a3aedc77334ca94f", size = 41751469, upload-time = "2025-11-19T22:40:54.75Z" },
    { url = "https://files.pythonhosted.org/packages/05/60/922c05d62ba5b422afd211966877673ddceb634e95552893bf9a11cc4e58/cmake-4.1.3-py3-none-musllinux_1_2_armv7l.whl", hash = "sha256:44b011b8374aac8f3d7a7fb319b3c25d54c2fd9342d94a855ae3a64240efe828", size = 35040544, upload-time = "2025-11-19T22:40:57.669Z" },
    { url = "https://files.pythonhosted.org/packages/71/ae/957336b0489f7d3050cd19010585d4ab5ebcdef485292b9baee68ebbeccf/cmake-4.1.3-py3-none-musllinux_1_2_i686.whl", hash = "sha256:1f29e924fd6d1a4f2f731eb743cc687b82063f73f15f0b4fb8e2b8a8211faba8", size = 45811680, upload-time = "2025-11-19T22:41:01.124Z" },
    { url = "https://files.pythonhosted.org/packages/85/0d/41e2ac694b156b249bfaccec071897c46b21deeb4db1ec51d949e7843f4b/cmake-4.1.3-py3-none-musllinux_1_2_ppc64le.whl", hash = "sha256:466cdce904392f18b201471a3a6429cc12b4d98a166faa3ee0ad4461f3043083", size = 45859079, upload-time = "2025-11-19T22:41:04.694Z" },
    { url = "https://files.pythonhosted.org/packages/dd/d4/42ca38f001b1f1327c19734e4c0080557a7991db832aacfe4b193ba7743a/cmake-4.1.3-py3-none-musllinux_1_2_riscv64.whl", hash = "sha256:d37db26f98ac26f0858cf6a30157a4be83b29cb195afeb640b355b097f1d94d7", size = 39946757, upload-time = "2025-11-19T22:41:08.082Z" },
    { url = "https://files.pythonhosted.org/packages/73/ab/a3965bfce6376894c76e17af095b0e360a9e1a1719e3df1e244ea6d6d893/cmake-4.1.3-py3-none-musllinux_1_2_s390x.whl", hash = "sha256:18e1e2b7b226763017521ba8721c74d1a2a3cd7d1ec8e889b0b869d4e939370b", size = 44016695, upload-time = "2025-11-19T22:41:11.84Z" },
    { url = "https://files.pythonhosted.org/packages/a4/66/fa0e8d3c66459a616f0baf9d22933e14137c259f4b62f0dad9c3723cf42d/cmake-4.1.3-py3-none-musllinux_1_2_x86_64.whl", hash = "sha256:6966746b25d1e9c8d32c731452e220e84331b5133544f710b21bd228a93812ca", size = 43357408, upload-time = "2025-11-19T22:41:15.302Z" },
    { url = "https://files.pythonhosted.org/packages/6e/8f/5c43c6465af62bb16159de113438365c789c5a69261dad36746aa1ec74b8/cmake-4.1.3-py3-none-win32.whl", hash = "sha256:b1c890af27bb548d0a2c0e1affc81ad180fc17d8dfa9545e0658153446fe7db4", size = 34268275, upload-time = "2025-11-19T22:41:18.733Z" },
    { url = "https://files.pythonhosted.org/packages/c1/51/2bc56a4d8d9c2680913f1a7e0b7a33e48100f336df91176b74dda6dff8b3/cmake-4.1.3-py3-none-win_amd64.whl", hash = "sha256:fd5a2ea9a38c6109036d8c912a7db4df2de241cfbc00b7424ae246494387da80", size = 37545974, upload-time = "2025-11-19T22:41:21.85Z" },
    { url = "https://files.pythonhosted.org/packages/36/a5/ec213d5c228ab7a205abeb51cc23aa1be9b586041c40cdccc157c325822a/cmake-4.1.3-py3-none-win_arm64.whl", hash = "sha256:79bd8f92a3385cc6641949b0274cd10ee9a4f45a2c13840121b68b2e90b5af3a", size = 36337597, upload-time = "2025-11-19T22:41:24.968Z" },
]

[[package]]
name = "distlib"
version = "0.4.0"
source = { registry = "https://pypi.org/simple" }
sdist = { url = "https://files.pythonhosted.org/packages/96/8e/709914eb2b5749865801041647dc7f4e6d00b549cfe88b65ca192995f07c/distlib-0.4.0.tar.gz", hash = "sha256:feec40075be03a04501a973d81f633735b4b69f98b05450592310c0f401a4e0d", size = 614605, upload-time = "2025-07-17T16:52:00.465Z" }
wheels = [
    { url = "https://files.pythonhosted.org/packages/33/6b/e0547afaf41bf2c42e52430072fa5658766e3d65bd4b03a563d1b6336f57/distlib-0.4.0-py2.py3-none-any.whl", hash = "sha256:9659f7d87e46584a30b5780e43ac7a2143098441670ff0a49d5f9034c54a6c16", size = 469047, upload-time = "2025-07-17T16:51:58.613Z" },
]

[[package]]
name = "filelock"
version = "3.20.0"
source = { registry = "https://pypi.org/simple" }
sdist = { url = "https://files.pythonhosted.org/packages/58/46/0028a82567109b5ef6e4d2a1f04a583fb513e6cf9527fcdd09afd817deeb/filelock-3.20.0.tar.gz", hash = "sha256:711e943b4ec6be42e1d4e6690b48dc175c822967466bb31c0c293f34334c13f4", size = 18922, upload-time = "2025-10-08T18:03:50.056Z" }
wheels = [
    { url = "https://files.pythonhosted.org/packages/76/91/7216b27286936c16f5b4d0c530087e4a54eead683e6b0b73dd0c64844af6/filelock-3.20.0-py3-none-any.whl", hash = "sha256:339b4732ffda5cd79b13f4e2711a31b0365ce445d95d243bb996273d072546a2", size = 16054, upload-time = "2025-10-08T18:03:48.35Z" },
]

[[package]]
name = "identify"
version = "2.6.15"
source = { registry = "https://pypi.org/simple" }
sdist = { url = "https://files.pythonhosted.org/packages/ff/e7/685de97986c916a6d93b3876139e00eef26ad5bbbd61925d670ae8013449/identify-2.6.15.tar.gz", hash = "sha256:e4f4864b96c6557ef2a1e1c951771838f4edc9df3a72ec7118b338801b11c7bf", size = 99311, upload-time = "2025-10-02T17:43:40.631Z" }
wheels = [
    { url = "https://files.pythonhosted.org/packages/0f/1c/e5fd8f973d4f375adb21565739498e2e9a1e54c858a97b9a8ccfdc81da9b/identify-2.6.15-py2.py3-none-any.whl", hash = "sha256:1181ef7608e00704db228516541eb83a88a9f94433a8c80bb9b5bd54b1d81757", size = 99183, upload-time = "2025-10-02T17:43:39.137Z" },
]

[[package]]
name = "nccl-device-initiated-ccl"
version = "0.1.0"
source = { virtual = "." }
dependencies = [
    { name = "clang-format" },
    { name = "clang-tidy" },
    { name = "cmake" },
    { name = "ninja" },
    { name = "openmpi" },
    { name = "pre-commit" },
]

[package.metadata]
requires-dist = [
    { name = "clang-format", specifier = ">=21.1.6" },
    { name = "clang-tidy", specifier = ">=21.1.1" },
    { name = "cmake", specifier = ">=4.1.3" },
    { name = "ninja", specifier = ">=1.13.0" },
    { name = "openmpi", specifier = ">=5.0.9" },
    { name = "pre-commit", specifier = ">=4.4.0" },
]

[[package]]
name = "ninja"
version = "1.13.0"
source = { registry = "https://pypi.org/simple" }
sdist = { url = "https://files.pythonhosted.org/packages/43/73/79a0b22fc731989c708068427579e840a6cf4e937fe7ae5c5d0b7356ac22/ninja-1.13.0.tar.gz", hash = "sha256:4a40ce995ded54d9dc24f8ea37ff3bf62ad192b547f6c7126e7e25045e76f978", size = 242558, upload-time = "2025-08-11T15:10:19.421Z" }
wheels = [
    { url = "https://files.pythonhosted.org/packages/3c/74/d02409ed2aa865e051b7edda22ad416a39d81a84980f544f8de717cab133/ninja-1.13.0-py3-none-macosx_10_9_universal2.whl", hash = "sha256:fa2a8bfc62e31b08f83127d1613d10821775a0eb334197154c4d6067b7068ff1", size = 310125, upload-time = "2025-08-11T15:09:50.971Z" },
    { url = "https://files.pythonhosted.org/packages/8e/de/6e1cd6b84b412ac1ef327b76f0641aeb5dcc01e9d3f9eee0286d0c34fd93/ninja-1.13.0-py3-none-manylinux2014_aarch64.manylinux_2_17_aarch64.whl", hash = "sha256:3d00c692fb717fd511abeb44b8c5d00340c36938c12d6538ba989fe764e79630", size = 177467, upload-time = "2025-08-11T15:09:52.767Z" },
    { url = "https://files.pythonhosted.org/packages/c8/83/49320fb6e58ae3c079381e333575fdbcf1cca3506ee160a2dcce775046fa/ninja-1.13.0-py3-none-manylinux2014_i686.manylinux_2_17_i686.whl", hash = "sha256:be7f478ff9f96a128b599a964fc60a6a87b9fa332ee1bd44fa243ac88d50291c", size = 187834, upload-time = "2025-08-11T15:09:54.115Z" },
    { url = "https://files.pythonhosted.org/packages/56/c7/ba22748fb59f7f896b609cd3e568d28a0a367a6d953c24c461fe04fc4433/ninja-1.13.0-py3-none-manylinux2014_ppc64le.manylinux_2_17_ppc64le.whl", hash = "sha256:60056592cf495e9a6a4bea3cd178903056ecb0943e4de45a2ea825edb6dc8d3e", size = 202736, upload-time = "2025-08-11T15:09:55.745Z" },
    { url = "https://files.pythonhosted.org/packages/79/22/d1de07632b78ac8e6b785f41fa9aad7a978ec8c0a1bf15772def36d77aac/ninja-1.13.0-py3-none-manylinux2014_s390x.manylinux_2_17_s390x.whl", hash = "sha256:1c97223cdda0417f414bf864cfb73b72d8777e57ebb279c5f6de368de0062988", size = 179034, upload-time = "2025-08-11T15:09:57.394Z" },
    { url = "https://files.pythonhosted.org/packages/ed/de/0e6edf44d6a04dabd0318a519125ed0415ce437ad5a1ec9b9be03d9048cf/ninja-1.13.0-py3-none-manylinux2014_x86_64.manylinux_2_17_x86_64.whl", hash = "sha256:fb46acf6b93b8dd0322adc3a4945452a4e774b75b91293bafcc7b7f8e6517dfa", size = 180716, upload-time = "2025-08-11T15:09:58.696Z" },
    { url = "https://files.pythonhosted.org/packages/54/28/938b562f9057aaa4d6bfbeaa05e81899a47aebb3ba6751e36c027a7f5ff7/ninja-1.13.0-py3-none-manylinux_2_28_armv7l.manylinux_2_31_armv7l.whl", hash = "sha256:4be9c1b082d244b1ad7ef41eb8ab088aae8c109a9f3f0b3e56a252d3e00f42c1", size = 146843, upload-time = "2025-08-11T15:10:00.046Z" },
    { url = "https://files.pythonhosted.org/packages/2a/fb/d06a3838de4f8ab866e44ee52a797b5491df823901c54943b2adb0389fbb/ninja-1.13.0-py3-none-manylinux_2_31_riscv64.whl", hash = "sha256:6739d3352073341ad284246f81339a384eec091d9851a886dfa5b00a6d48b3e2", size = 154402, upload-time = "2025-08-11T15:10:01.657Z" },
    { url = "https://files.pythonhosted.org/packages/31/bf/0d7808af695ceddc763cf251b84a9892cd7f51622dc8b4c89d5012779f06/ninja-1.13.0-py3-none-musllinux_1_2_aarch64.whl", hash = "sha256:11be2d22027bde06f14c343f01d31446747dbb51e72d00decca2eb99be911e2f", size = 552388, upload-time = "2025-08-11T15:10:03.349Z" },
    { url = "https://files.pythonhosted.org/packages/9d/70/c99d0c2c809f992752453cce312848abb3b1607e56d4cd1b6cded317351a/ninja-1.13.0-py3-none-musllinux_1_2_armv7l.whl", hash = "sha256:aa45b4037b313c2f698bc13306239b8b93b4680eb47e287773156ac9e9304714", size = 472501, upload-time = "2025-08-11T15:10:04.735Z" },
    { url = "https://files.pythonhosted.org/packages/9f/43/c217b1153f0e499652f5e0766da8523ce3480f0a951039c7af115e224d55/ninja-1.13.0-py3-none-musllinux_1_2_i686.whl", hash = "sha256:5f8e1e8a1a30835eeb51db05cf5a67151ad37542f5a4af2a438e9490915e5b72", size = 638280, upload-time = "2025-08-11T15:10:06.512Z" },
    { url = "https://files.pythonhosted.org/packages/8c/45/9151bba2c8d0ae2b6260f71696330590de5850e5574b7b5694dce6023e20/ninja-1.13.0-py3-none-musllinux_1_2_ppc64le.whl", hash = "sha256:3d7d7779d12cb20c6d054c61b702139fd23a7a964ec8f2c823f1ab1b084150db", size = 642420, upload-time = "2025-08-11T15:10:08.35Z" },
    { url = "https://files.pythonhosted.org/packages/3c/fb/95752eb635bb8ad27d101d71bef15bc63049de23f299e312878fc21cb2da/ninja-1.13.0-py3-none-musllinux_1_2_riscv64.whl", hash = "sha256:d741a5e6754e0bda767e3274a0f0deeef4807f1fec6c0d7921a0244018926ae5", size = 585106, upload-time = "2025-08-11T15:10:09.818Z" },
    { url = "https://files.pythonhosted.org/packages/c1/31/aa56a1a286703800c0cbe39fb4e82811c277772dc8cd084f442dd8e2938a/ninja-1.13.0-py3-none-musllinux_1_2_s390x.whl", hash = "sha256:e8bad11f8a00b64137e9b315b137d8bb6cbf3086fbdc43bf1f90fd33324d2e96", size = 707138, upload-time = "2025-08-11T15:10:11.366Z" },
    { url = "https://files.pythonhosted.org/packages/34/6f/5f5a54a1041af945130abdb2b8529cbef0cdcbbf9bcf3f4195378319d29a/ninja-1.13.0-py3-none-musllinux_1_2_x86_64.whl", hash = "sha256:b4f2a072db3c0f944c32793e91532d8948d20d9ab83da9c0c7c15b5768072200", size = 581758, upload-time = "2025-08-11T15:10:13.295Z" },
    { url = "https://files.pythonhosted.org/packages/95/97/51359c77527d45943fe7a94d00a3843b81162e6c4244b3579fe8fc54cb9c/ninja-1.13.0-py3-none-win32.whl", hash = "sha256:8cfbb80b4a53456ae8a39f90ae3d7a2129f45ea164f43fadfa15dc38c4aef1c9", size = 267201, upload-time = "2025-08-11T15:10:15.158Z" },
    { url = "https://files.pythonhosted.org/packages/29/45/c0adfbfb0b5895aa18cec400c535b4f7ff3e52536e0403602fc1a23f7de9/ninja-1.13.0-py3-none-win_amd64.whl", hash = "sha256:fb8ee8719f8af47fed145cced4a85f0755dd55d45b2bddaf7431fa89803c5f3e", size = 309975, upload-time = "2025-08-11T15:10:16.697Z" },
    { url = "https://files.pythonhosted.org/packages/df/93/a7b983643d1253bb223234b5b226e69de6cda02b76cdca7770f684b795f5/ninja-1.13.0-py3-none-win_arm64.whl", hash = "sha256:3c0b40b1f0bba764644385319028650087b4c1b18cdfa6f45cb39a3669b81aa9", size = 290806, upload-time = "2025-08-11T15:10:18.018Z" },
]

[[package]]
name = "nodeenv"
version = "1.9.1"
source = { registry = "https://pypi.org/simple" }
sdist = { url = "https://files.pythonhosted.org/packages/43/16/fc88b08840de0e0a72a2f9d8c6bae36be573e475a6326ae854bcc549fc45/nodeenv-1.9.1.tar.gz", hash = "sha256:6ec12890a2dab7946721edbfbcd91f3319c6ccc9aec47be7c7e6b7011ee6645f", size = 47437, upload-time = "2024-06-04T18:44:11.171Z" }
wheels = [
    { url = "https://files.pythonhosted.org/packages/d2/1d/1b658dbd2b9fa9c4c9f32accbfc0205d532c8c6194dc0f2a4c0428e7128a/nodeenv-1.9.1-py2.py3-none-any.whl", hash = "sha256:ba11c9782d29c27c70ffbdda2d7415098754709be8a7056d79a737cd901155c9", size = 22314, upload-time = "2024-06-04T18:44:08.352Z" },
]

[[package]]
name = "openmpi"
version = "5.0.9"
source = { registry = "https://pypi.org/simple" }
wheels = [
    { url = "https://files.pythonhosted.org/packages/7a/ed/51c9a4c0b56a0a41e28d5282d0d1621910054266a54f36bbf0a249536c07/openmpi-5.0.9-py3-none-macosx_11_0_arm64.whl", hash = "sha256:18d38be62afa692854b0f3c575a589c191651fe30b7478c5f1333f3f2de0d3d7", size = 3145187, upload-time = "2025-11-14T16:11:59.939Z" },
    { url = "https://files.pythonhosted.org/packages/5d/ff/b16d51f4e282c4629816f60bda56ebfed0d483a7e168f3b50576c8ab6714/openmpi-5.0.9-py3-none-macosx_11_0_x86_64.whl", hash = "sha256:a0d8c35c6ced31253c8e27c2dfb6900ba6cb89da65d7e2f56ac2d8658271b507", size = 3571687, upload-time = "2025-11-14T16:12:02.242Z" },
    { url = "https://files.pythonhosted.org/packages/65/1c/7e0a52644b94b3379dc9efce1f5972717a2ee03085777b6c0aa1d7fa81a0/openmpi-5.0.9-py3-none-manylinux_2_28_aarch64.whl", hash = "sha256:3de3cb8c6ca4c42caffc5b1425f48c4403fbe9d93ff8e8cde02d63e4b3bd67c7", size = 5927572, upload-time = "2025-11-14T16:12:04.283Z" },
    { url = "https://files.pythonhosted.org/packages/85/53/b6970e8be4587ef389eab205f8215309c891a6b4da599a855a7f411669cf/openmpi-5.0.9-py3-none-manylinux_2_28_x86_64.whl", hash = "sha256:8f9fffb2f9ec7f67bfa8df5bbad6d4da3c64a467ebc765a3d8cea0521207cd8e", size = 6362317, upload-time = "2025-11-14T16:12:06.39Z" },
]

[[package]]
name = "platformdirs"
version = "4.5.0"
source = { registry = "https://pypi.org/simple" }
sdist = { url = "https://files.pythonhosted.org/packages/61/33/9611380c2bdb1225fdef633e2a9610622310fed35ab11dac9620972ee088/platformdirs-4.5.0.tar.gz", hash = "sha256:70ddccdd7c99fc5942e9fc25636a8b34d04c24b335100223152c2803e4063312", size = 21632, upload-time = "2025-10-08T17:44:48.791Z" }
wheels = [
    { url = "https://files.pythonhosted.org/packages/73/cb/ac7874b3e5d58441674fb70742e6c374b28b0c7cb988d37d991cde47166c/platformdirs-4.5.0-py3-none-any.whl", hash = "sha256:e578a81bb873cbb89a41fcc904c7ef523cc18284b7e3b3ccf06aca1403b7ebd3", size = 18651, upload-time = "2025-10-08T17:44:47.223Z" },
]

[[package]]
name = "pre-commit"
version = "4.4.0"
source = { registry = "https://pypi.org/simple" }
dependencies = [
    { name = "cfgv" },
    { name = "identify" },
    { name = "nodeenv" },
    { name = "pyyaml" },
    { name = "virtualenv" },
]
sdist = { url = "https://files.pythonhosted.org/packages/a6/49/7845c2d7bf6474efd8e27905b51b11e6ce411708c91e829b93f324de9929/pre_commit-4.4.0.tar.gz", hash = "sha256:f0233ebab440e9f17cabbb558706eb173d19ace965c68cdce2c081042b4fab15", size = 197501, upload-time = "2025-11-08T21:12:11.607Z" }
wheels = [
    { url = "https://files.pythonhosted.org/packages/27/11/574fe7d13acf30bfd0a8dd7fa1647040f2b8064f13f43e8c963b1e65093b/pre_commit-4.4.0-py2.py3-none-any.whl", hash = "sha256:b35ea52957cbf83dcc5d8ee636cbead8624e3a15fbfa61a370e42158ac8a5813", size = 226049, upload-time = "2025-11-08T21:12:10.228Z" },
]

[[package]]
name = "pyyaml"
version = "6.0.3"
source = { registry = "https://pypi.org/simple" }
sdist = { url = "https://files.pythonhosted.org/packages/05/8e/961c0007c59b8dd7729d542c61a4d537767a59645b82a0b521206e1e25c2/pyyaml-6.0.3.tar.gz", hash = "sha256:d76623373421df22fb4cf8817020cbb7ef15c725b9d5e45f17e189bfc384190f", size = 130960, upload-time = "2025-09-25T21:33:16.546Z" }
wheels = [
    { url = "https://files.pythonhosted.org/packages/d1/33/422b98d2195232ca1826284a76852ad5a86fe23e31b009c9886b2d0fb8b2/pyyaml-6.0.3-cp312-cp312-macosx_10_13_x86_64.whl", hash = "sha256:7f047e29dcae44602496db43be01ad42fc6f1cc0d8cd6c83d342306c32270196", size = 182063, upload-time = "2025-09-25T21:32:11.445Z" },
    { url = "https://files.pythonhosted.org/packages/89/a0/6cf41a19a1f2f3feab0e9c0b74134aa2ce6849093d5517a0c550fe37a648/pyyaml-6.0.3-cp312-cp312-macosx_11_0_arm64.whl", hash = "sha256:fc09d0aa354569bc501d4e787133afc08552722d3ab34836a80547331bb5d4a0", size = 173973, upload-time = "2025-09-25T21:32:12.492Z" },
    { url = "https://files.pythonhosted.org/packages/ed/23/7a778b6bd0b9a8039df8b1b1d80e2e2ad78aa04171592c8a5c43a56a6af4/pyyaml-6.0.3-cp312-cp312-manylinux2014_aarch64.manylinux_2_17_aarch64.manylinux_2_28_aarch64.whl", hash = "sha256:9149cad251584d5fb4981be1ecde53a1ca46c891a79788c0df828d2f166bda28", size = 775116, upload-time = "2025-09-25T21:32:13.652Z" },
    { url = "https://files.pythonhosted.org/packages/65/30/d7353c338e12baef4ecc1b09e877c1970bd3382789c159b4f89d6a70dc09/pyyaml-6.0.3-cp312-cp312-manylinux2014_s390x.manylinux_2_17_s390x.manylinux_2_28_s390x.whl", hash = "sha256:5fdec68f91a0c6739b380c83b951e2c72ac0197ace422360e6d5a959d8d97b2c", size = 844011, upload-time = "2025-09-25T21:32:15.21Z" },
    { url = "https://files.pythonhosted.org/packages/8b/9d/b3589d3877982d4f2329302ef98a8026e7f4443c765c46cfecc8858c6b4b/pyyaml-6.0.3-cp312-cp312-manylinux2014_x86_64.manylinux_2_17_x86_64.manylinux_2_28_x86_64.whl", hash = "sha256:ba1cc08a7ccde2d2ec775841541641e4548226580ab850948cbfda66a1befcdc", size = 807870, upload-time = "2025-09-25T21:32:16.431Z" },
    { url = "https://files.pythonhosted.org/packages/05/c0/b3be26a015601b822b97d9149ff8cb5ead58c66f981e04fedf4e762f4bd4/pyyaml-6.0.3-cp312-cp312-musllinux_1_2_aarch64.whl", hash = "sha256:8dc52c23056b9ddd46818a57b78404882310fb473d63f17b07d5c40421e47f8e", size = 761089, upload-time = "2025-09-25T21:32:17.56Z" },
    { url = "https://files.pythonhosted.org/packages/be/8e/98435a21d1d4b46590d5459a22d88128103f8da4c2d4cb8f14f2a96504e1/pyyaml-6.0.3-cp312-cp312-musllinux_1_2_x86_64.whl", hash = "sha256:41715c910c881bc081f1e8872880d3c650acf13dfa8214bad49ed4cede7c34ea", size = 790181, upload-time = "2025-09-25T21:32:18.834Z" },
    { url = "https://files.pythonhosted.org/packages/74/93/7baea19427dcfbe1e5a372d81473250b379f04b1bd3c4c5ff825e2327202/pyyaml-6.0.3-cp312-cp312-win32.whl", hash = "sha256:96b533f0e99f6579b3d4d4995707cf36df9100d67e0c8303a0c55b27b5f99bc5", size = 137658, upload-time = "2025-09-25T21:32:20.209Z" },
    { url = "https://files.pythonhosted.org/packages/86/bf/899e81e4cce32febab4fb42bb97dcdf66bc135272882d1987881a4b519e9/pyyaml-6.0.3-cp312-cp312-win_amd64.whl", hash = "sha256:5fcd34e47f6e0b794d17de1b4ff496c00986e1c83f7ab2fb8fcfe9616ff7477b", size = 154003, upload-time = "2025-09-25T21:32:21.167Z" },
    { url = "https://files.pythonhosted.org/packages/1a/08/67bd04656199bbb51dbed1439b7f27601dfb576fb864099c7ef0c3e55531/pyyaml-6.0.3-cp312-cp312-win_arm64.whl", hash = "sha256:64386e5e707d03a7e172c0701abfb7e10f0fb753ee1d773128192742712a98fd", size = 140344, upload-time = "2025-09-25T21:32:22.617Z" },
    { url = "https://files.pythonhosted.org/packages/d1/11/0fd08f8192109f7169db964b5707a2f1e8b745d4e239b784a5a1dd80d1db/pyyaml-6.0.3-cp313-cp313-macosx_10_13_x86_64.whl", hash = "sha256:8da9669d359f02c0b91ccc01cac4a67f16afec0dac22c2ad09f46bee0697eba8", size = 181669, upload-time = "2025-09-25T21:32:23.673Z" },
    { url = "https://files.pythonhosted.org/packages/b1/16/95309993f1d3748cd644e02e38b75d50cbc0d9561d21f390a76242ce073f/pyyaml-6.0.3-cp313-cp313-macosx_11_0_arm64.whl", hash = "sha256:2283a07e2c21a2aa78d9c4442724ec1eb15f5e42a723b99cb3d822d48f5f7ad1", size = 173252, upload-time = "2025-09-25T21:32:25.149Z" },
    { url = "https://files.pythonhosted.org/packages/50/31/b20f376d3f810b9b2371e72ef5adb33879b25edb7a6d072cb7ca0c486398/pyyaml-6.0.3-cp313-cp313-manylinux2014_aarch64.manylinux_2_17_aarch64.manylinux_2_28_aarch64.whl", hash = "sha256:ee2922902c45ae8ccada2c5b501ab86c36525b883eff4255313a253a3160861c", size = 767081, upload-time = "2025-09-25T21:32:26.575Z" },
    { url = "https://files.pythonhosted.org/packages/49/1e/a55ca81e949270d5d4432fbbd19dfea5321eda7c41a849d443dc92fd1ff7/pyyaml-6.0.3-cp313-cp313-manylinux2014_s390x.manylinux_2_17_s390x.manylinux_2_28_s390x.whl", hash = "sha256:a33284e20b78bd4a18c8c2282d549d10bc8408a2a7ff57653c0cf0b9be0afce5", size = 841159, upload-time = "2025-09-25T21:32:27.727Z" },
    { url = "https://files.pythonhosted.org/packages/74/27/e5b8f34d02d9995b80abcef563ea1f8b56d20134d8f4e5e81733b1feceb2/pyyaml-6.0.3-cp313-cp313-manylinux2014_x86_64.manylinux_2_17_x86_64.manylinux_2_28_x86_64.whl", hash = "sha256:0f29edc409a6392443abf94b9cf89ce99889a1dd5376d94316ae5145dfedd5d6", size = 801626, upload-time = "2025-09-25T21:32:28.878Z" },
    { url = "https://files.pythonhosted.org/packages/f9/11/ba845c23988798f40e52ba45f34849aa8a1f2d4af4b798588010792ebad6/pyyaml-6.0.3-cp313-cp313-musllinux_1_2_aarch64.whl", hash = "sha256:f7057c9a337546edc7973c0d3ba84ddcdf0daa14533c2065749c9075001090e6", size = 753613, upload-time = "2025-09-25T21:32:30.178Z" },
    { url = "https://files.pythonhosted.org/packages/3d/e0/7966e1a7bfc0a45bf0a7fb6b98ea03fc9b8d84fa7f2229e9659680b69ee3/pyyaml-6.0.3-cp313-cp313-musllinux_1_2_x86_64.whl", hash = "sha256:eda16858a3cab07b80edaf74336ece1f986ba330fdb8ee0d6c0d68fe82bc96be", size = 794115, upload-time = "2025-09-25T21:32:31.353Z" },
    { url = "https://files.pythonhosted.org/packages/de/94/980b50a6531b3019e45ddeada0626d45fa85cbe22300844a7983285bed3b/pyyaml-6.0.3-cp313-cp313-win32.whl", hash = "sha256:d0eae10f8159e8fdad514efdc92d74fd8d682c933a6dd088030f3834bc8e6b26", size = 137427, upload-time = "2025-09-25T21:32:32.58Z" },
    { url = "https://files.pythonhosted.org/packages/97/c9/39d5b874e8b28845e4ec2202b5da735d0199dbe5b8fb85f91398814a9a46/pyyaml-6.0.3-cp313-cp313-win_amd64.whl", hash = "sha256:79005a0d97d5ddabfeeea4cf676af11e647e41d81c9a7722a193022accdb6b7c", size = 154090, upload-time = "2025-09-25T21:32:33.659Z" },
    { url = "https://files.pythonhosted.org/packages/73/e8/2bdf3ca2090f68bb3d75b44da7bbc71843b19c9f2b9cb9b0f4ab7a5a4329/pyyaml-6.0.3-cp313-cp313-win_arm64.whl", hash = "sha256:5498cd1645aa724a7c71c8f378eb29ebe23da2fc0d7a08071d89469bf1d2defb", size = 140246, upload-time = "2025-09-25T21:32:34.663Z" },
    { url = "https://files.pythonhosted.org/packages/9d/8c/f4bd7f6465179953d3ac9bc44ac1a8a3e6122cf8ada906b4f96c60172d43/pyyaml-6.0.3-cp314-cp314-macosx_10_13_x86_64.whl", hash = "sha256:8d1fab6bb153a416f9aeb4b8763bc0f22a5586065f86f7664fc23339fc1c1fac", size = 181814, upload-time = "2025-09-25T21:32:35.712Z" },
    { url = "https://files.pythonhosted.org/packages/bd/9c/4d95bb87eb2063d20db7b60faa3840c1b18025517ae857371c4dd55a6b3a/pyyaml-6.0.3-cp314-cp314-macosx_11_0_arm64.whl", hash = "sha256:34d5fcd24b8445fadc33f9cf348c1047101756fd760b4dacb5c3e99755703310", size = 173809, upload-time = "2025-09-25T21:32:36.789Z" },
    { url = "https://files.pythonhosted.org/packages/92/b5/47e807c2623074914e29dabd16cbbdd4bf5e9b2db9f8090fa64411fc5382/pyyaml-6.0.3-cp314-cp314-manylinux2014_aarch64.manylinux_2_17_aarch64.manylinux_2_28_aarch64.whl", hash = "sha256:501a031947e3a9025ed4405a168e6ef5ae3126c59f90ce0cd6f2bfc477be31b7", size = 766454, upload-time = "2025-09-25T21:32:37.966Z" },
    { url = "https://files.pythonhosted.org/packages/02/9e/e5e9b168be58564121efb3de6859c452fccde0ab093d8438905899a3a483/pyyaml-6.0.3-cp314-cp314-manylinux2014_s390x.manylinux_2_17_s390x.manylinux_2_28_s390x.whl", hash = "sha256:b3bc83488de33889877a0f2543ade9f70c67d66d9ebb4ac959502e12de895788", size = 836355, upload-time = "2025-09-25T21:32:39.178Z" },
    { url = "https://files.pythonhosted.org/packages/88/f9/16491d7ed2a919954993e48aa941b200f38040928474c9e85ea9e64222c3/pyyaml-6.0.3-cp314-cp314-manylinux2014_x86_64.manylinux_2_17_x86_64.manylinux_2_28_x86_64.whl", hash = "sha256:c458b6d084f9b935061bc36216e8a69a7e293a2f1e68bf956dcd9e6cbcd143f5", size = 794175, upload-time = "2025-09-25T21:32:40.865Z" },
    { url = "https://files.pythonhosted.org/packages/dd/3f/5989debef34dc6397317802b527dbbafb2b4760878a53d4166579111411e/pyyaml-6.0.3-cp314-cp314-musllinux_1_2_aarch64.whl", hash = "sha256:7c6610def4f163542a622a73fb39f534f8c101d690126992300bf3207eab9764", size = 755228, upload-time = "2025-09-25T21:32:42.084Z" },
    { url = "https://files.pythonhosted.org/packages/d7/ce/af88a49043cd2e265be63d083fc75b27b6ed062f5f9fd6cdc223ad62f03e/pyyaml-6.0.3-cp314-cp314-musllinux_1_2_x86_64.whl", hash = "sha256:5190d403f121660ce8d1d2c1bb2ef1bd05b5f68533fc5c2ea899bd15f4399b35", size = 789194, upload-time = "2025-09-25T21:32:43.362Z" },
    { url = "https://files.pythonhosted.org/packages/23/20/bb6982b26a40bb43951265ba29d4c246ef0ff59c9fdcdf0ed04e0687de4d/pyyaml-6.0.3-cp314-cp314-win_amd64.whl", hash = "sha256:4a2e8cebe2ff6ab7d1050ecd59c25d4c8bd7e6f400f5f82b96557ac0abafd0ac", size = 156429, upload-time = "2025-09-25T21:32:57.844Z" },
    { url = "https://files.pythonhosted.org/packages/f4/f4/a4541072bb9422c8a883ab55255f918fa378ecf083f5b85e87fc2b4eda1b/pyyaml-6.0.3-cp314-cp314-win_arm64.whl", hash = "sha256:93dda82c9c22deb0a405ea4dc5f2d0cda384168e466364dec6255b293923b2f3", size = 143912, upload-time = "2025-09-25T21:32:59.247Z" },
    { url = "https://files.pythonhosted.org/packages/7c/f9/07dd09ae774e4616edf6cda684ee78f97777bdd15847253637a6f052a62f/pyyaml-6.0.3-cp314-cp314t-macosx_10_13_x86_64.whl", hash = "sha256:02893d100e99e03eda1c8fd5c441d8c60103fd175728e23e431db1b589cf5ab3", size = 189108, upload-time = "2025-09-25T21:32:44.377Z" },
    { url = "https://files.pythonhosted.org/packages/4e/78/8d08c9fb7ce09ad8c38ad533c1191cf27f7ae1effe5bb9400a46d9437fcf/pyyaml-6.0.3-cp314-cp314t-macosx_11_0_arm64.whl", hash = "sha256:c1ff362665ae507275af2853520967820d9124984e0f7466736aea23d8611fba", size = 183641, upload-time = "2025-09-25T21:32:45.407Z" },
    { url = "https://files.pythonhosted.org/packages/7b/5b/3babb19104a46945cf816d047db2788bcaf8c94527a805610b0289a01c6b/pyyaml-6.0.3-cp314-cp314t-manylinux2014_aarch64.manylinux_2_17_aarch64.manylinux_2_28_aarch64.whl", hash = "sha256:6adc77889b628398debc7b65c073bcb99c4a0237b248cacaf3fe8a557563ef6c", size = 831901, upload-time = "2025-09-25T21:32:48.83Z" },
    { url = "https://files.pythonhosted.org/packages/8b/cc/dff0684d8dc44da4d22a13f35f073d558c268780ce3c6ba1b87055bb0b87/pyyaml-6.0.3-cp314-cp314t-manylinux2014_s390x.manylinux_2_17_s390x.manylinux_2_28_s390x.whl", hash = "sha256:a80cb027f6b349846a3bf6d73b5e95e782175e52f22108cfa17876aaeff93702", size = 861132, upload-time = "2025-09-25T21:32:50.149Z" },
    { url = "https://files.pythonhosted.org/packages/b1/5e/f77dc6b9036943e285ba76b49e118d9ea929885becb0a29ba8a7c75e29fe/pyyaml-6.0.3-cp314-cp314t-manylinux2014_x86_64.manylinux_2_17_x86_64.manylinux_2_28_x86_64.whl", hash = "sha256:00c4bdeba853cc34e7dd471f16b4114f4162dc03e6b7afcc2128711f0eca823c", size = 839261, upload-time = "2025-09-25T21:32:51.808Z" },
    { url = "https://files.pythonhosted.org/packages/ce/88/a9db1376aa2a228197c58b37302f284b5617f56a5d959fd1763fb1675ce6/pyyaml-6.0.3-cp314-cp314t-musllinux_1_2_aarch64.whl", hash = "sha256:66e1674c3ef6f541c35191caae2d429b967b99e02040f5ba928632d9a7f0f065", size = 805272, upload-time = "2025-09-25T21:32:52.941Z" },
    { url = "https://files.pythonhosted.org/packages/da/92/1446574745d74df0c92e6aa4a7b0b3130706a4142b2d1a5869f2eaa423c6/pyyaml-6.0.3-cp314-cp314t-musllinux_1_2_x86_64.whl", hash = "sha256:16249ee61e95f858e83976573de0f5b2893b3677ba71c9dd36b9cf8be9ac6d65", size = 829923, upload-time = "2025-09-25T21:32:54.537Z" },
    { url = "https://files.pythonhosted.org/packages/f0/7a/1c7270340330e575b92f397352af856a8c06f230aa3e76f86b39d01b416a/pyyaml-6.0.3-cp314-cp314t-win_amd64.whl", hash = "sha256:4ad1906908f2f5ae4e5a8ddfce73c320c2a1429ec52eafd27138b7f1cbe341c9", size = 174062, upload-time = "2025-09-25T21:32:55.767Z" },
    { url = "https://files.pythonhosted.org/packages/f1/12/de94a39c2ef588c7e6455cfbe7343d3b2dc9d6b6b2f40c4c6565744c873d/pyyaml-6.0.3-cp314-cp314t-win_arm64.whl", hash = "sha256:ebc55a14a21cb14062aa4162f906cd962b28e2e9ea38f9b4391244cd8de4ae0b", size = 149341, upload-time = "2025-09-25T21:32:56.828Z" },
]

[[package]]
name = "virtualenv"
version = "20.35.4"
source = { registry = "https://pypi.org/simple" }
dependencies = [
    { name = "distlib" },
    { name = "filelock" },
    { name = "platformdirs" },
]
sdist = { url = "https://files.pythonhosted.org/packages/20/28/e6f1a6f655d620846bd9df527390ecc26b3805a0c5989048c210e22c5ca9/virtualenv-20.35.4.tar.gz", hash = "sha256:643d3914d73d3eeb0c552cbb12d7e82adf0e504dbf86a3182f8771a153a1971c", size = 6028799, upload-time = "2025-10-29T06:57:40.511Z" }
wheels = [
    { url = "https://files.pythonhosted.org/packages/79/0c/c05523fa3181fdf0c9c52a6ba91a23fbf3246cc095f26f6516f9c60e6771/virtualenv-20.35.4-py3-none-any.whl", hash = "sha256:c21c9cede36c9753eeade68ba7d523529f228a403463376cf821eaae2b650f1b", size = 6005095, upload-time = "2025-10-29T06:57:37.598Z" },
]
